
Microsoft Visual Studio Solution File, Format Version 12.00
# Visual Studio Version 16
VisualStudioVersion = 16.0.33027.164
MinimumVisualStudioVersion = 10.0.40219.1
Project("{FAE04EC0-301F-11D3-BF4B-00C04F79EFBC}") = "TestAutomation", "TestAutomation\TestAutomation.csproj", "{4020E979-05D7-44C3-85A4-DB5D6F3F659C}"
EndProject
Global
	GlobalSection(SolutionConfigurationPlatforms) = preSolution
		Debug|Any CPU = Debug|Any CPU
		Release|Any CPU = Release|Any CPU
	EndGlobalSection
	GlobalSection(ProjectConfigurationPlatforms) = postSolution
		{4020E979-05D7-44C3-85A4-DB5D6F3F659C}.Debug|Any CPU.ActiveCfg = Debug|Any CPU
		{4020E979-05D7-44C3-85A4-DB5D6F3F659C}.Debug|Any CPU.Build.0 = Debug|Any CPU
		{4020E979-05D7-44C3-85A4-DB5D6F3F659C}.Release|Any CPU.ActiveCfg = Release|Any CPU
		{4020E979-05D7-44C3-85A4-DB5D6F3F659C}.Release|Any CPU.Build.0 = Release|Any CPU
	EndGlobalSection
	GlobalSection(SolutionProperties) = preSolution
		HideSolutionNode = FALSE
	EndGlobalSection
	GlobalSection(ExtensibilityGlobals) = postSolution
		SolutionGuid = {0499E74D-5C88-4156-A531-4A06A8ECD880}
	EndGlobalSection
EndGlobal
